
Microsoft Visual Studio Solution File, Format Version 12.00
# Visual Studio 15
VisualStudioVersion = 15.0.27428.2011
MinimumVisualStudioVersion = 10.0.40219.1
Project("{FAE04EC0-301F-11D3-BF4B-00C04F79EFBC}") = "StructureMapConsole", "StructureMapConsole\StructureMapConsole.csproj", "{4F767CCF-D8D7-4F9A-A197-7C8BC309EE6E}"
EndProject
Project("{FAE04EC0-301F-11D3-BF4B-00C04F79EFBC}") = "Business", "Business\Business.csproj", "{A83B0C9E-3775-4784-9198-38C38D96E880}"
EndProject
Project("{FAE04EC0-301F-11D3-BF4B-00C04F79EFBC}") = "DataAccess", "DataAccess\DataAccess.csproj", "{5F491196-31D5-41A5-BCAE-C0BF3F0D68E6}"
EndProject
Global
	GlobalSection(SolutionConfigurationPlatforms) = preSolution
		Debug|Any CPU = Debug|Any CPU
		Release|Any CPU = Release|Any CPU
	EndGlobalSection
	GlobalSection(ProjectConfigurationPlatforms) = postSolution
		{4F767CCF-D8D7-4F9A-A197-7C8BC309EE6E}.Debug|Any CPU.ActiveCfg = Debug|Any CPU
		{4F767CCF-D8D7-4F9A-A197-7C8BC309EE6E}.Debug|Any CPU.Build.0 = Debug|Any CPU
		{4F767CCF-D8D7-4F9A-A197-7C8BC309EE6E}.Release|Any CPU.ActiveCfg = Release|Any CPU
		{4F767CCF-D8D7-4F9A-A197-7C8BC309EE6E}.Release|Any CPU.Build.0 = Release|Any CPU
		{A83B0C9E-3775-4784-9198-38C38D96E880}.Debug|Any CPU.ActiveCfg = Debug|Any CPU
		{A83B0C9E-3775-4784-9198-38C38D96E880}.Debug|Any CPU.Build.0 = Debug|Any CPU
		{A83B0C9E-3775-4784-9198-38C38D96E880}.Release|Any CPU.ActiveCfg = Release|Any CPU
		{A83B0C9E-3775-4784-9198-38C38D96E880}.Release|Any CPU.Build.0 = Release|Any CPU
		{5F491196-31D5-41A5-BCAE-C0BF3F0D68E6}.Debug|Any CPU.ActiveCfg = Debug|Any CPU
		{5F491196-31D5-41A5-BCAE-C0BF3F0D68E6}.Debug|Any CPU.Build.0 = Debug|Any CPU
		{5F491196-31D5-41A5-BCAE-C0BF3F0D68E6}.Release|Any CPU.ActiveCfg = Release|Any CPU
		{5F491196-31D5-41A5-BCAE-C0BF3F0D68E6}.Release|Any CPU.Build.0 = Release|Any CPU
	EndGlobalSection
	GlobalSection(SolutionProperties) = preSolution
		HideSolutionNode = FALSE
	EndGlobalSection
	GlobalSection(ExtensibilityGlobals) = postSolution
		SolutionGuid = {BFF99447-9D71-4D0A-BE56-53D82B44E4CE}
	EndGlobalSection
EndGlobal
